// !$*UTF8*$!
{
	archiveVersion = 1;
	classes = {
	};
	objectVersion = 48;
	objects = {

/* Begin PBXBuildFile section */
		55FB06531FF9B5BB0001D42E /* SyzygyCore.h in Headers */ = {isa = PBXBuildFile; fileRef = 55FB06511FF9B5BB0001D42E /* SyzygyCore.h */; settings = {ATTRIBUTES = (Public, ); }; };
		55FB06621FF9B5D30001D42E /* SyzygyKit.h in Headers */ = {isa = PBXBuildFile; fileRef = 55FB06601FF9B5D30001D42E /* SyzygyKit.h */; settings = {ATTRIBUTES = (Public, ); }; };
		55FB06671FF9B6100001D42E /* SyzygyCore.framework in Frameworks */ = {isa = PBXBuildFile; fileRef = 55FB064E1FF9B5BB0001D42E /* SyzygyCore.framework */; };
		55FB06D11FF9BC070001D42E /* URL+Path.swift in Sources */ = {isa = PBXBuildFile; fileRef = 55FB066B1FF9BBFA0001D42E /* URL+Path.swift */; };
		55FB06D21FF9BC070001D42E /* Boolean.swift in Sources */ = {isa = PBXBuildFile; fileRef = 55FB066C1FF9BBFA0001D42E /* Boolean.swift */; };
		55FB06D31FF9BC070001D42E /* Identifier.swift in Sources */ = {isa = PBXBuildFile; fileRef = 55FB066D1FF9BBFA0001D42E /* Identifier.swift */; };
		55FB06D41FF9BC070001D42E /* Exceptions.swift in Sources */ = {isa = PBXBuildFile; fileRef = 55FB066E1FF9BBFA0001D42E /* Exceptions.swift */; };
		55FB06D51FF9BC070001D42E /* Atomic.swift in Sources */ = {isa = PBXBuildFile; fileRef = 55FB066F1FF9BBFB0001D42E /* Atomic.swift */; };
		55FB06D61FF9BC070001D42E /* Dispatch.swift in Sources */ = {isa = PBXBuildFile; fileRef = 55FB06701FF9BBFB0001D42E /* Dispatch.swift */; };
		55FB06D71FF9BC070001D42E /* Plist+Initializers.swift in Sources */ = {isa = PBXBuildFile; fileRef = 55FB06711FF9BBFB0001D42E /* Plist+Initializers.swift */; };
		55FB06D91FF9BC070001D42E /* BookmarkMetadata.swift in Sources */ = {isa = PBXBuildFile; fileRef = 55FB06731FF9BBFB0001D42E /* BookmarkMetadata.swift */; };
		55FB06DA1FF9BC070001D42E /* JSONInitializable.swift in Sources */ = {isa = PBXBuildFile; fileRef = 55FB06741FF9BBFB0001D42E /* JSONInitializable.swift */; };
		55FB06DB1FF9BC070001D42E /* JSON+Convenience.swift in Sources */ = {isa = PBXBuildFile; fileRef = 55FB06751FF9BBFB0001D42E /* JSON+Convenience.swift */; };
		55FB06DC1FF9BC070001D42E /* JSON.swift in Sources */ = {isa = PBXBuildFile; fileRef = 55FB06761FF9BBFC0001D42E /* JSON.swift */; };
		55FB06DD1FF9BC070001D42E /* LocalizedString.swift in Sources */ = {isa = PBXBuildFile; fileRef = 55FB06771FF9BBFC0001D42E /* LocalizedString.swift */; };
		55FB06DE1FF9BC070001D42E /* Plist.swift in Sources */ = {isa = PBXBuildFile; fileRef = 55FB06781FF9BBFC0001D42E /* Plist.swift */; };
		55FB06DF1FF9BC070001D42E /* Plist+Convenience.swift in Sources */ = {isa = PBXBuildFile; fileRef = 55FB06791FF9BBFC0001D42E /* Plist+Convenience.swift */; };
		55FB06E01FF9BC070001D42E /* Plist+Equatable.swift in Sources */ = {isa = PBXBuildFile; fileRef = 55FB067A1FF9BBFC0001D42E /* Plist+Equatable.swift */; };
		55FB06E11FF9BC070001D42E /* Plist+Literals.swift in Sources */ = {isa = PBXBuildFile; fileRef = 55FB067B1FF9BBFC0001D42E /* Plist+Literals.swift */; };
		55FB06E21FF9BC070001D42E /* JSONError.swift in Sources */ = {isa = PBXBuildFile; fileRef = 55FB067C1FF9BBFC0001D42E /* JSONError.swift */; };
		55FB06E31FF9BC070001D42E /* Bookmark.swift in Sources */ = {isa = PBXBuildFile; fileRef = 55FB067D1FF9BBFD0001D42E /* Bookmark.swift */; };
		55FB06E41FF9BC070001D42E /* Collection.swift in Sources */ = {isa = PBXBuildFile; fileRef = 55FB067E1FF9BBFD0001D42E /* Collection.swift */; };
		55FB06E51FF9BC070001D42E /* String.swift in Sources */ = {isa = PBXBuildFile; fileRef = 55FB067F1FF9BBFD0001D42E /* String.swift */; };
		55FB06E71FF9BC070001D42E /* Optional.swift in Sources */ = {isa = PBXBuildFile; fileRef = 55FB06811FF9BBFD0001D42E /* Optional.swift */; };
		55FB06E81FF9BC070001D42E /* Bundle.swift in Sources */ = {isa = PBXBuildFile; fileRef = 55FB06821FF9BBFD0001D42E /* Bundle.swift */; };
		55FB06E91FF9BC070001D42E /* Newtype.swift in Sources */ = {isa = PBXBuildFile; fileRef = 55FB06831FF9BBFE0001D42E /* Newtype.swift */; };
		55FB06EA1FF9BC070001D42E /* Objective-C.h in Headers */ = {isa = PBXBuildFile; fileRef = 55FB06841FF9BBFE0001D42E /* Objective-C.h */; settings = {ATTRIBUTES = (Public, ); }; };
		55FB06EB1FF9BC070001D42E /* JSON+Serialization.swift in Sources */ = {isa = PBXBuildFile; fileRef = 55FB06851FF9BBFE0001D42E /* JSON+Serialization.swift */; };
		55FB06EC1FF9BC070001D42E /* Plist+Serialization.swift in Sources */ = {isa = PBXBuildFile; fileRef = 55FB06861FF9BBFE0001D42E /* Plist+Serialization.swift */; };
		55FB06ED1FF9BC070001D42E /* ProgressiveDiff.swift in Sources */ = {isa = PBXBuildFile; fileRef = 55FB06871FF9BBFE0001D42E /* ProgressiveDiff.swift */; };
		55FB06EE1FF9BC070001D42E /* KVOProperty.swift in Sources */ = {isa = PBXBuildFile; fileRef = 55FB06891FF9BBFF0001D42E /* KVOProperty.swift */; };
		55FB06EF1FF9BC070001D42E /* Property+Optional.swift in Sources */ = {isa = PBXBuildFile; fileRef = 55FB068A1FF9BBFF0001D42E /* Property+Optional.swift */; };
		55FB06F01FF9BC070001D42E /* Property+Boolean.swift in Sources */ = {isa = PBXBuildFile; fileRef = 55FB068B1FF9BBFF0001D42E /* Property+Boolean.swift */; };
		55FB06F11FF9BC070001D42E /* Property+Merge.swift in Sources */ = {isa = PBXBuildFile; fileRef = 55FB068C1FF9BBFF0001D42E /* Property+Merge.swift */; };
		55FB06F21FF9BC070001D42E /* Property+Skip.swift in Sources */ = {isa = PBXBuildFile; fileRef = 55FB068D1FF9BBFF0001D42E /* Property+Skip.swift */; };
		55FB06F31FF9BC070001D42E /* Property.swift in Sources */ = {isa = PBXBuildFile; fileRef = 55FB068E1FF9BBFF0001D42E /* Property.swift */; };
		55FB06F41FF9BC070001D42E /* Property+Combine.swift in Sources */ = {isa = PBXBuildFile; fileRef = 55FB068F1FF9BBFF0001D42E /* Property+Combine.swift */; };
		55FB06F51FF9BC070001D42E /* Property+Filter.swift in Sources */ = {isa = PBXBuildFile; fileRef = 55FB06901FF9BBFF0001D42E /* Property+Filter.swift */; };
		55FB06F61FF9BC070001D42E /* Property+UserDefaults.swift in Sources */ = {isa = PBXBuildFile; fileRef = 55FB06911FF9BBFF0001D42E /* Property+UserDefaults.swift */; };
		55FB06F71FF9BC070001D42E /* FileManager+Property.swift in Sources */ = {isa = PBXBuildFile; fileRef = 55FB06921FF9BBFF0001D42E /* FileManager+Property.swift */; };
		55FB06F81FF9BC070001D42E /* Property+Queue.swift in Sources */ = {isa = PBXBuildFile; fileRef = 55FB06931FF9BBFF0001D42E /* Property+Queue.swift */; };
		55FB06F91FF9BC070001D42E /* Property+Tickle.swift in Sources */ = {isa = PBXBuildFile; fileRef = 55FB06941FF9BBFF0001D42E /* Property+Tickle.swift */; };
		55FB06FA1FF9BC070001D42E /* Property+Concatenation.swift in Sources */ = {isa = PBXBuildFile; fileRef = 55FB06951FF9BBFF0001D42E /* Property+Concatenation.swift */; };
		55FB06FB1FF9BC070001D42E /* Property+Throttle.swift in Sources */ = {isa = PBXBuildFile; fileRef = 55FB06961FF9BBFF0001D42E /* Property+Throttle.swift */; };
		55FB06FC1FF9BC070001D42E /* NSMetadataQuery+Property.swift in Sources */ = {isa = PBXBuildFile; fileRef = 55FB06971FF9BBFF0001D42E /* NSMetadataQuery+Property.swift */; };
		55FB06FD1FF9BC070001D42E /* MirroredProperty.swift in Sources */ = {isa = PBXBuildFile; fileRef = 55FB06981FF9BBFF0001D42E /* MirroredProperty.swift */; };
		55FB06FE1FF9BC070001D42E /* Property+Result.swift in Sources */ = {isa = PBXBuildFile; fileRef = 55FB06991FF9BBFF0001D42E /* Property+Result.swift */; };
		55FB06FF1FF9BC070001D42E /* Property+From.swift in Sources */ = {isa = PBXBuildFile; fileRef = 55FB069A1FF9BBFF0001D42E /* Property+From.swift */; };
		55FB07001FF9BC070001D42E /* Property+Timer.swift in Sources */ = {isa = PBXBuildFile; fileRef = 55FB069B1FF9BBFF0001D42E /* Property+Timer.swift */; };
		55FB07011FF9BC070001D42E /* NSObject+Property.swift in Sources */ = {isa = PBXBuildFile; fileRef = 55FB069C1FF9BBFF0001D42E /* NSObject+Property.swift */; };
		55FB07021FF9BC070001D42E /* MutableProperty.swift in Sources */ = {isa = PBXBuildFile; fileRef = 55FB069D1FF9BBFF0001D42E /* MutableProperty.swift */; };
		55FB07031FF9BC070001D42E /* NotificationCenter+Property.swift in Sources */ = {isa = PBXBuildFile; fileRef = 55FB069E1FF9BBFF0001D42E /* NotificationCenter+Property.swift */; };
		55FB07041FF9BC070001D42E /* Property+Map.swift in Sources */ = {isa = PBXBuildFile; fileRef = 55FB069F1FF9BBFF0001D42E /* Property+Map.swift */; };
		55FB07051FF9BC070001D42E /* Property+Zip.swift in Sources */ = {isa = PBXBuildFile; fileRef = 55FB06A01FF9BBFF0001D42E /* Property+Zip.swift */; };
		55FB07061FF9BC070001D42E /* Property+Take.swift in Sources */ = {isa = PBXBuildFile; fileRef = 55FB06A11FF9BBFF0001D42E /* Property+Take.swift */; };
		55FB07071FF9BC070001D42E /* Property+BookmarkMetadata.swift in Sources */ = {isa = PBXBuildFile; fileRef = 55FB06A21FF9BBFF0001D42E /* Property+BookmarkMetadata.swift */; };
		55FB07081FF9BC070001D42E /* Property+Collections.swift in Sources */ = {isa = PBXBuildFile; fileRef = 55FB06A31FF9BBFF0001D42E /* Property+Collections.swift */; };
		55FB07091FF9BC070001D42E /* Property+Coalesce.swift in Sources */ = {isa = PBXBuildFile; fileRef = 55FB06A41FF9BBFF0001D42E /* Property+Coalesce.swift */; };
		55FB070A1FF9BC070001D42E /* System.swift in Sources */ = {isa = PBXBuildFile; fileRef = 55FB06A51FF9BBFF0001D42E /* System.swift */; };
		55FB070B1FF9BC070001D42E /* TemporaryPath.swift in Sources */ = {isa = PBXBuildFile; fileRef = 55FB06A61FF9BBFF0001D42E /* TemporaryPath.swift */; };
		55FB070C1FF9BC070001D42E /* SetAlgebra.swift in Sources */ = {isa = PBXBuildFile; fileRef = 55FB06A71FF9BBFF0001D42E /* SetAlgebra.swift */; };
		55FB070D1FF9BC070001D42E /* JSON+Subscript.swift in Sources */ = {isa = PBXBuildFile; fileRef = 55FB06A81FF9BBFF0001D42E /* JSON+Subscript.swift */; };
		55FB070E1FF9BC070001D42E /* NSObject.swift in Sources */ = {isa = PBXBuildFile; fileRef = 55FB06A91FF9BC000001D42E /* NSObject.swift */; };
		55FB070F1FF9BC070001D42E /* Either.swift in Sources */ = {isa = PBXBuildFile; fileRef = 55FB06AA1FF9BC000001D42E /* Either.swift */; };
		55FB07101FF9BC070001D42E /* URLRouter.swift in Sources */ = {isa = PBXBuildFile; fileRef = 55FB06AB1FF9BC000001D42E /* URLRouter.swift */; };
		55FB07111FF9BC070001D42E /* Result.swift in Sources */ = {isa = PBXBuildFile; fileRef = 55FB06AC1FF9BC000001D42E /* Result.swift */; };
		55FB07121FF9BC070001D42E /* UTI+Defaults.swift in Sources */ = {isa = PBXBuildFile; fileRef = 55FB06AD1FF9BC000001D42E /* UTI+Defaults.swift */; };
		55FB07131FF9BC070001D42E /* FileHandle+Path.swift in Sources */ = {isa = PBXBuildFile; fileRef = 55FB06AE1FF9BC000001D42E /* FileHandle+Path.swift */; };
		55FB07141FF9BC070001D42E /* AbsolutePath.swift in Sources */ = {isa = PBXBuildFile; fileRef = 55FB06AF1FF9BC010001D42E /* AbsolutePath.swift */; };
		55FB07151FF9BC070001D42E /* Diff.swift in Sources */ = {isa = PBXBuildFile; fileRef = 55FB06B01FF9BC010001D42E /* Diff.swift */; };
		55FB07161FF9BC070001D42E /* Disposable.swift in Sources */ = {isa = PBXBuildFile; fileRef = 55FB06B11FF9BC010001D42E /* Disposable.swift */; };
		55FB07171FF9BC070001D42E /* Bag.swift in Sources */ = {isa = PBXBuildFile; fileRef = 55FB06B21FF9BC010001D42E /* Bag.swift */; };
		55FB07181FF9BC070001D42E /* JSON+Equatable.swift in Sources */ = {isa = PBXBuildFile; fileRef = 55FB06B31FF9BC010001D42E /* JSON+Equatable.swift */; };
		55FB07191FF9BC070001D42E /* URLRouting.swift in Sources */ = {isa = PBXBuildFile; fileRef = 55FB06B41FF9BC020001D42E /* URLRouting.swift */; };
		55FB071A1FF9BC070001D42E /* WeakBox.swift in Sources */ = {isa = PBXBuildFile; fileRef = 55FB06B51FF9BC020001D42E /* WeakBox.swift */; };
		55FB071B1FF9BC070001D42E /* Bundle+Path.swift in Sources */ = {isa = PBXBuildFile; fileRef = 55FB06B61FF9BC020001D42E /* Bundle+Path.swift */; };
		55FB071C1FF9BC070001D42E /* JSON+Literals.swift in Sources */ = {isa = PBXBuildFile; fileRef = 55FB06B71FF9BC020001D42E /* JSON+Literals.swift */; };
		55FB071D1FF9BC070001D42E /* NSMetadataQuery.swift in Sources */ = {isa = PBXBuildFile; fileRef = 55FB06B81FF9BC020001D42E /* NSMetadataQuery.swift */; };
		55FB071E1FF9BC070001D42E /* JSON+JSONInitializable.swift in Sources */ = {isa = PBXBuildFile; fileRef = 55FB06B91FF9BC030001D42E /* JSON+JSONInitializable.swift */; };
		55FB071F1FF9BC070001D42E /* Path.swift in Sources */ = {isa = PBXBuildFile; fileRef = 55FB06BA1FF9BC030001D42E /* Path.swift */; };
		55FB07201FF9BC070001D42E /* Log.swift in Sources */ = {isa = PBXBuildFile; fileRef = 55FB06BB1FF9BC030001D42E /* Log.swift */; };
		55FB07211FF9BC070001D42E /* RelativePath.swift in Sources */ = {isa = PBXBuildFile; fileRef = 55FB06BC1FF9BC030001D42E /* RelativePath.swift */; };
		55FB07221FF9BC070001D42E /* Geometry.swift in Sources */ = {isa = PBXBuildFile; fileRef = 55FB06BD1FF9BC030001D42E /* Geometry.swift */; };
		55FB07231FF9BC070001D42E /* Concatenation.swift in Sources */ = {isa = PBXBuildFile; fileRef = 55FB06BE1FF9BC040001D42E /* Concatenation.swift */; };
		55FB07241FF9BC070001D42E /* Dictionary.swift in Sources */ = {isa = PBXBuildFile; fileRef = 55FB06BF1FF9BC040001D42E /* Dictionary.swift */; };
		55FB07251FF9BC070001D42E /* LaunchServices.swift in Sources */ = {isa = PBXBuildFile; fileRef = 55FB06C01FF9BC040001D42E /* LaunchServices.swift */; };
		55FB07261FF9BC070001D42E /* AbsoluteDiff.swift in Sources */ = {isa = PBXBuildFile; fileRef = 55FB06C11FF9BC040001D42E /* AbsoluteDiff.swift */; };
		55FB07271FF9BC070001D42E /* Markers.swift in Sources */ = {isa = PBXBuildFile; fileRef = 55FB06C21FF9BC040001D42E /* Markers.swift */; };
		55FB07281FF9BC070001D42E /* Objective-C.m in Sources */ = {isa = PBXBuildFile; fileRef = 55FB06C31FF9BC050001D42E /* Objective-C.m */; };
		55FB07291FF9BC070001D42E /* Plist+Subscript.swift in Sources */ = {isa = PBXBuildFile; fileRef = 55FB06C41FF9BC050001D42E /* Plist+Subscript.swift */; };
		55FB072A1FF9BC070001D42E /* Process.swift in Sources */ = {isa = PBXBuildFile; fileRef = 55FB06C51FF9BC050001D42E /* Process.swift */; };
		55FB072B1FF9BC070001D42E /* URL.swift in Sources */ = {isa = PBXBuildFile; fileRef = 55FB06C61FF9BC050001D42E /* URL.swift */; };
		55FB072C1FF9BC070001D42E /* Data+JSON.swift in Sources */ = {isa = PBXBuildFile; fileRef = 55FB06C71FF9BC050001D42E /* Data+JSON.swift */; };
		55FB072D1FF9BC070001D42E /* IndexPath.swift in Sources */ = {isa = PBXBuildFile; fileRef = 55FB06C81FF9BC060001D42E /* IndexPath.swift */; };
		55FB072E1FF9BC070001D42E /* Comparable.swift in Sources */ = {isa = PBXBuildFile; fileRef = 55FB06C91FF9BC060001D42E /* Comparable.swift */; };
		55FB072F1FF9BC070001D42E /* JSON+Initializers.swift in Sources */ = {isa = PBXBuildFile; fileRef = 55FB06CA1FF9BC060001D42E /* JSON+Initializers.swift */; };
		55FB07301FF9BC070001D42E /* Regex.swift in Sources */ = {isa = PBXBuildFile; fileRef = 55FB06CB1FF9BC060001D42E /* Regex.swift */; };
		55FB07311FF9BC070001D42E /* UTI.swift in Sources */ = {isa = PBXBuildFile; fileRef = 55FB06CC1FF9BC060001D42E /* UTI.swift */; };
		55FB07321FF9BC070001D42E /* FileMonitor.swift in Sources */ = {isa = PBXBuildFile; fileRef = 55FB06CD1FF9BC060001D42E /* FileMonitor.swift */; };
		55FB07331FF9BC070001D42E /* Reachability.swift in Sources */ = {isa = PBXBuildFile; fileRef = 55FB06CE1FF9BC070001D42E /* Reachability.swift */; };
		55FB07341FF9BC070001D42E /* Timer.swift in Sources */ = {isa = PBXBuildFile; fileRef = 55FB06CF1FF9BC070001D42E /* Timer.swift */; };
		55FB07351FF9BC070001D42E /* FileManager+Path.swift in Sources */ = {isa = PBXBuildFile; fileRef = 55FB06D01FF9BC070001D42E /* FileManager+Path.swift */; };
		55FB073F1FF9D0EE0001D42E /* Sandbox.swift in Sources */ = {isa = PBXBuildFile; fileRef = 55FB073E1FF9D0EE0001D42E /* Sandbox.swift */; };
		55FB07431FF9D2740001D42E /* Analytics.swift in Sources */ = {isa = PBXBuildFile; fileRef = 55FB07421FF9D2740001D42E /* Analytics.swift */; };
		55FB07461FF9D2CF0001D42E /* BasicEvent.swift in Sources */ = {isa = PBXBuildFile; fileRef = 55FB07451FF9D2CF0001D42E /* BasicEvent.swift */; };
		55FB07481FF9D2F10001D42E /* AnalyticEvent.swift in Sources */ = {isa = PBXBuildFile; fileRef = 55FB07471FF9D2F10001D42E /* AnalyticEvent.swift */; };
		55FB074A1FF9D32A0001D42E /* AnalyticEngine.swift in Sources */ = {isa = PBXBuildFile; fileRef = 55FB07491FF9D32A0001D42E /* AnalyticEngine.swift */; };
		55FB07601FFAC7690001D42E /* SyzygyCore.swift in Sources */ = {isa = PBXBuildFile; fileRef = 55FB075F1FFAC7690001D42E /* SyzygyCore.swift */; };
		55FB07621FFAC7D50001D42E /* SyzygyKit.swift in Sources */ = {isa = PBXBuildFile; fileRef = 55FB07611FFAC7D50001D42E /* SyzygyKit.swift */; };
/* End PBXBuildFile section */

/* Begin PBXFileReference section */
		55FB064E1FF9B5BB0001D42E /* SyzygyCore.framework */ = {isa = PBXFileReference; explicitFileType = wrapper.framework; includeInIndex = 0; path = SyzygyCore.framework; sourceTree = BUILT_PRODUCTS_DIR; };
		55FB06511FF9B5BB0001D42E /* SyzygyCore.h */ = {isa = PBXFileReference; lastKnownFileType = sourcecode.c.h; path = SyzygyCore.h; sourceTree = "<group>"; };
		55FB06521FF9B5BB0001D42E /* Info.plist */ = {isa = PBXFileReference; lastKnownFileType = text.plist.xml; path = Info.plist; sourceTree = "<group>"; };
		55FB065E1FF9B5D30001D42E /* SyzygyKit.framework */ = {isa = PBXFileReference; explicitFileType = wrapper.framework; includeInIndex = 0; path = SyzygyKit.framework; sourceTree = BUILT_PRODUCTS_DIR; };
		55FB06601FF9B5D30001D42E /* SyzygyKit.h */ = {isa = PBXFileReference; lastKnownFileType = sourcecode.c.h; path = SyzygyKit.h; sourceTree = "<group>"; };
		55FB06611FF9B5D30001D42E /* Info.plist */ = {isa = PBXFileReference; lastKnownFileType = text.plist.xml; path = Info.plist; sourceTree = "<group>"; };
		55FB06681FF9B6E70001D42E /* Syzygy-Base.xcconfig */ = {isa = PBXFileReference; lastKnownFileType = text.xcconfig; path = "Syzygy-Base.xcconfig"; sourceTree = "<group>"; };
		55FB06691FF9B7C30001D42E /* Syzygy-Release.xcconfig */ = {isa = PBXFileReference; lastKnownFileType = text.xcconfig; path = "Syzygy-Release.xcconfig"; sourceTree = "<group>"; };
		55FB066A1FF9B84F0001D42E /* Syzygy-Debug.xcconfig */ = {isa = PBXFileReference; lastKnownFileType = text.xcconfig; path = "Syzygy-Debug.xcconfig"; sourceTree = "<group>"; };
		55FB066B1FF9BBFA0001D42E /* URL+Path.swift */ = {isa = PBXFileReference; fileEncoding = 4; lastKnownFileType = sourcecode.swift; path = "URL+Path.swift"; sourceTree = "<group>"; };
		55FB066C1FF9BBFA0001D42E /* Boolean.swift */ = {isa = PBXFileReference; fileEncoding = 4; lastKnownFileType = sourcecode.swift; path = Boolean.swift; sourceTree = "<group>"; };
		55FB066D1FF9BBFA0001D42E /* Identifier.swift */ = {isa = PBXFileReference; fileEncoding = 4; lastKnownFileType = sourcecode.swift; path = Identifier.swift; sourceTree = "<group>"; };
		55FB066E1FF9BBFA0001D42E /* Exceptions.swift */ = {isa = PBXFileReference; fileEncoding = 4; lastKnownFileType = sourcecode.swift; path = Exceptions.swift; sourceTree = "<group>"; };
		55FB066F1FF9BBFB0001D42E /* Atomic.swift */ = {isa = PBXFileReference; fileEncoding = 4; lastKnownFileType = sourcecode.swift; path = Atomic.swift; sourceTree = "<group>"; };
		55FB06701FF9BBFB0001D42E /* Dispatch.swift */ = {isa = PBXFileReference; fileEncoding = 4; lastKnownFileType = sourcecode.swift; path = Dispatch.swift; sourceTree = "<group>"; };
		55FB06711FF9BBFB0001D42E /* Plist+Initializers.swift */ = {isa = PBXFileReference; fileEncoding = 4; lastKnownFileType = sourcecode.swift; path = "Plist+Initializers.swift"; sourceTree = "<group>"; };
		55FB06731FF9BBFB0001D42E /* BookmarkMetadata.swift */ = {isa = PBXFileReference; fileEncoding = 4; lastKnownFileType = sourcecode.swift; path = BookmarkMetadata.swift; sourceTree = "<group>"; };
		55FB06741FF9BBFB0001D42E /* JSONInitializable.swift */ = {isa = PBXFileReference; fileEncoding = 4; lastKnownFileType = sourcecode.swift; path = JSONInitializable.swift; sourceTree = "<group>"; };
		55FB06751FF9BBFB0001D42E /* JSON+Convenience.swift */ = {isa = PBXFileReference; fileEncoding = 4; lastKnownFileType = sourcecode.swift; path = "JSON+Convenience.swift"; sourceTree = "<group>"; };
		55FB06761FF9BBFC0001D42E /* JSON.swift */ = {isa = PBXFileReference; fileEncoding = 4; lastKnownFileType = sourcecode.swift; path = JSON.swift; sourceTree = "<group>"; };
		55FB06771FF9BBFC0001D42E /* LocalizedString.swift */ = {isa = PBXFileReference; fileEncoding = 4; lastKnownFileType = sourcecode.swift; path = LocalizedString.swift; sourceTree = "<group>"; };
		55FB06781FF9BBFC0001D42E /* Plist.swift */ = {isa = PBXFileReference; fileEncoding = 4; lastKnownFileType = sourcecode.swift; path = Plist.swift; sourceTree = "<group>"; };
		55FB06791FF9BBFC0001D42E /* Plist+Convenience.swift */ = {isa = PBXFileReference; fileEncoding = 4; lastKnownFileType = sourcecode.swift; path = "Plist+Convenience.swift"; sourceTree = "<group>"; };
		55FB067A1FF9BBFC0001D42E /* Plist+Equatable.swift */ = {isa = PBXFileReference; fileEncoding = 4; lastKnownFileType = sourcecode.swift; path = "Plist+Equatable.swift"; sourceTree = "<group>"; };
		55FB067B1FF9BBFC0001D42E /* Plist+Literals.swift */ = {isa = PBXFileReference; fileEncoding = 4; lastKnownFileType = sourcecode.swift; path = "Plist+Literals.swift"; sourceTree = "<group>"; };
		55FB067C1FF9BBFC0001D42E /* JSONError.swift */ = {isa = PBXFileReference; fileEncoding = 4; lastKnownFileType = sourcecode.swift; path = JSONError.swift; sourceTree = "<group>"; };
		55FB067D1FF9BBFD0001D42E /* Bookmark.swift */ = {isa = PBXFileReference; fileEncoding = 4; lastKnownFileType = sourcecode.swift; path = Bookmark.swift; sourceTree = "<group>"; };
		55FB067E1FF9BBFD0001D42E /* Collection.swift */ = {isa = PBXFileReference; fileEncoding = 4; lastKnownFileType = sourcecode.swift; path = Collection.swift; sourceTree = "<group>"; };
		55FB067F1FF9BBFD0001D42E /* String.swift */ = {isa = PBXFileReference; fileEncoding = 4; lastKnownFileType = sourcecode.swift; path = String.swift; sourceTree = "<group>"; };
		55FB06811FF9BBFD0001D42E /* Optional.swift */ = {isa = PBXFileReference; fileEncoding = 4; lastKnownFileType = sourcecode.swift; path = Optional.swift; sourceTree = "<group>"; };
		55FB06821FF9BBFD0001D42E /* Bundle.swift */ = {isa = PBXFileReference; fileEncoding = 4; lastKnownFileType = sourcecode.swift; path = Bundle.swift; sourceTree = "<group>"; };
		55FB06831FF9BBFE0001D42E /* Newtype.swift */ = {isa = PBXFileReference; fileEncoding = 4; lastKnownFileType = sourcecode.swift; path = Newtype.swift; sourceTree = "<group>"; };
		55FB06841FF9BBFE0001D42E /* Objective-C.h */ = {isa = PBXFileReference; fileEncoding = 4; lastKnownFileType = sourcecode.c.h; path = "Objective-C.h"; sourceTree = "<group>"; };
		55FB06851FF9BBFE0001D42E /* JSON+Serialization.swift */ = {isa = PBXFileReference; fileEncoding = 4; lastKnownFileType = sourcecode.swift; path = "JSON+Serialization.swift"; sourceTree = "<group>"; };
		55FB06861FF9BBFE0001D42E /* Plist+Serialization.swift */ = {isa = PBXFileReference; fileEncoding = 4; lastKnownFileType = sourcecode.swift; path = "Plist+Serialization.swift"; sourceTree = "<group>"; };
		55FB06871FF9BBFE0001D42E /* ProgressiveDiff.swift */ = {isa = PBXFileReference; fileEncoding = 4; lastKnownFileType = sourcecode.swift; path = ProgressiveDiff.swift; sourceTree = "<group>"; };
		55FB06891FF9BBFF0001D42E /* KVOProperty.swift */ = {isa = PBXFileReference; fileEncoding = 4; lastKnownFileType = sourcecode.swift; path = KVOProperty.swift; sourceTree = "<group>"; };
		55FB068A1FF9BBFF0001D42E /* Property+Optional.swift */ = {isa = PBXFileReference; fileEncoding = 4; lastKnownFileType = sourcecode.swift; path = "Property+Optional.swift"; sourceTree = "<group>"; };
		55FB068B1FF9BBFF0001D42E /* Property+Boolean.swift */ = {isa = PBXFileReference; fileEncoding = 4; lastKnownFileType = sourcecode.swift; path = "Property+Boolean.swift"; sourceTree = "<group>"; };
		55FB068C1FF9BBFF0001D42E /* Property+Merge.swift */ = {isa = PBXFileReference; fileEncoding = 4; lastKnownFileType = sourcecode.swift; path = "Property+Merge.swift"; sourceTree = "<group>"; };
		55FB068D1FF9BBFF0001D42E /* Property+Skip.swift */ = {isa = PBXFileReference; fileEncoding = 4; lastKnownFileType = sourcecode.swift; path = "Property+Skip.swift"; sourceTree = "<group>"; };
		55FB068E1FF9BBFF0001D42E /* Property.swift */ = {isa = PBXFileReference; fileEncoding = 4; lastKnownFileType = sourcecode.swift; path = Property.swift; sourceTree = "<group>"; };
		55FB068F1FF9BBFF0001D42E /* Property+Combine.swift */ = {isa = PBXFileReference; fileEncoding = 4; lastKnownFileType = sourcecode.swift; path = "Property+Combine.swift"; sourceTree = "<group>"; };
		55FB06901FF9BBFF0001D42E /* Property+Filter.swift */ = {isa = PBXFileReference; fileEncoding = 4; lastKnownFileType = sourcecode.swift; path = "Property+Filter.swift"; sourceTree = "<group>"; };
		55FB06911FF9BBFF0001D42E /* Property+UserDefaults.swift */ = {isa = PBXFileReference; fileEncoding = 4; lastKnownFileType = sourcecode.swift; path = "Property+UserDefaults.swift"; sourceTree = "<group>"; };
		55FB06921FF9BBFF0001D42E /* FileManager+Property.swift */ = {isa = PBXFileReference; fileEncoding = 4; lastKnownFileType = sourcecode.swift; path = "FileManager+Property.swift"; sourceTree = "<group>"; };
		55FB06931FF9BBFF0001D42E /* Property+Queue.swift */ = {isa = PBXFileReference; fileEncoding = 4; lastKnownFileType = sourcecode.swift; path = "Property+Queue.swift"; sourceTree = "<group>"; };
		55FB06941FF9BBFF0001D42E /* Property+Tickle.swift */ = {isa = PBXFileReference; fileEncoding = 4; lastKnownFileType = sourcecode.swift; path = "Property+Tickle.swift"; sourceTree = "<group>"; };
		55FB06951FF9BBFF0001D42E /* Property+Concatenation.swift */ = {isa = PBXFileReference; fileEncoding = 4; lastKnownFileType = sourcecode.swift; path = "Property+Concatenation.swift"; sourceTree = "<group>"; };
		55FB06961FF9BBFF0001D42E /* Property+Throttle.swift */ = {isa = PBXFileReference; fileEncoding = 4; lastKnownFileType = sourcecode.swift; path = "Property+Throttle.swift"; sourceTree = "<group>"; };
		55FB06971FF9BBFF0001D42E /* NSMetadataQuery+Property.swift */ = {isa = PBXFileReference; fileEncoding = 4; lastKnownFileType = sourcecode.swift; path = "NSMetadataQuery+Property.swift"; sourceTree = "<group>"; };
		55FB06981FF9BBFF0001D42E /* MirroredProperty.swift */ = {isa = PBXFileReference; fileEncoding = 4; lastKnownFileType = sourcecode.swift; path = MirroredProperty.swift; sourceTree = "<group>"; };
		55FB06991FF9BBFF0001D42E /* Property+Result.swift */ = {isa = PBXFileReference; fileEncoding = 4; lastKnownFileType = sourcecode.swift; path = "Property+Result.swift"; sourceTree = "<group>"; };
		55FB069A1FF9BBFF0001D42E /* Property+From.swift */ = {isa = PBXFileReference; fileEncoding = 4; lastKnownFileType = sourcecode.swift; path = "Property+From.swift"; sourceTree = "<group>"; };
		55FB069B1FF9BBFF0001D42E /* Property+Timer.swift */ = {isa = PBXFileReference; fileEncoding = 4; lastKnownFileType = sourcecode.swift; path = "Property+Timer.swift"; sourceTree = "<group>"; };
		55FB069C1FF9BBFF0001D42E /* NSObject+Property.swift */ = {isa = PBXFileReference; fileEncoding = 4; lastKnownFileType = sourcecode.swift; path = "NSObject+Property.swift"; sourceTree = "<group>"; };
		55FB069D1FF9BBFF0001D42E /* MutableProperty.swift */ = {isa = PBXFileReference; fileEncoding = 4; lastKnownFileType = sourcecode.swift; path = MutableProperty.swift; sourceTree = "<group>"; };
		55FB069E1FF9BBFF0001D42E /* NotificationCenter+Property.swift */ = {isa = PBXFileReference; fileEncoding = 4; lastKnownFileType = sourcecode.swift; path = "NotificationCenter+Property.swift"; sourceTree = "<group>"; };
		55FB069F1FF9BBFF0001D42E /* Property+Map.swift */ = {isa = PBXFileReference; fileEncoding = 4; lastKnownFileType = sourcecode.swift; path = "Property+Map.swift"; sourceTree = "<group>"; };
		55FB06A01FF9BBFF0001D42E /* Property+Zip.swift */ = {isa = PBXFileReference; fileEncoding = 4; lastKnownFileType = sourcecode.swift; path = "Property+Zip.swift"; sourceTree = "<group>"; };
		55FB06A11FF9BBFF0001D42E /* Property+Take.swift */ = {isa = PBXFileReference; fileEncoding = 4; lastKnownFileType = sourcecode.swift; path = "Property+Take.swift"; sourceTree = "<group>"; };
		55FB06A21FF9BBFF0001D42E /* Property+BookmarkMetadata.swift */ = {isa = PBXFileReference; fileEncoding = 4; lastKnownFileType = sourcecode.swift; path = "Property+BookmarkMetadata.swift"; sourceTree = "<group>"; };
		55FB06A31FF9BBFF0001D42E /* Property+Collections.swift */ = {isa = PBXFileReference; fileEncoding = 4; lastKnownFileType = sourcecode.swift; path = "Property+Collections.swift"; sourceTree = "<group>"; };
		55FB06A41FF9BBFF0001D42E /* Property+Coalesce.swift */ = {isa = PBXFileReference; fileEncoding = 4; lastKnownFileType = sourcecode.swift; path = "Property+Coalesce.swift"; sourceTree = "<group>"; };
		55FB06A51FF9BBFF0001D42E /* System.swift */ = {isa = PBXFileReference; fileEncoding = 4; lastKnownFileType = sourcecode.swift; path = System.swift; sourceTree = "<group>"; };
		55FB06A61FF9BBFF0001D42E /* TemporaryPath.swift */ = {isa = PBXFileReference; fileEncoding = 4; lastKnownFileType = sourcecode.swift; path = TemporaryPath.swift; sourceTree = "<group>"; };
		55FB06A71FF9BBFF0001D42E /* SetAlgebra.swift */ = {isa = PBXFileReference; fileEncoding = 4; lastKnownFileType = sourcecode.swift; path = SetAlgebra.swift; sourceTree = "<group>"; };
		55FB06A81FF9BBFF0001D42E /* JSON+Subscript.swift */ = {isa = PBXFileReference; fileEncoding = 4; lastKnownFileType = sourcecode.swift; path = "JSON+Subscript.swift"; sourceTree = "<group>"; };
		55FB06A91FF9BC000001D42E /* NSObject.swift */ = {isa = PBXFileReference; fileEncoding = 4; lastKnownFileType = sourcecode.swift; path = NSObject.swift; sourceTree = "<group>"; };
		55FB06AA1FF9BC000001D42E /* Either.swift */ = {isa = PBXFileReference; fileEncoding = 4; lastKnownFileType = sourcecode.swift; path = Either.swift; sourceTree = "<group>"; };
		55FB06AB1FF9BC000001D42E /* URLRouter.swift */ = {isa = PBXFileReference; fileEncoding = 4; lastKnownFileType = sourcecode.swift; path = URLRouter.swift; sourceTree = "<group>"; };
		55FB06AC1FF9BC000001D42E /* Result.swift */ = {isa = PBXFileReference; fileEncoding = 4; lastKnownFileType = sourcecode.swift; path = Result.swift; sourceTree = "<group>"; };
		55FB06AD1FF9BC000001D42E /* UTI+Defaults.swift */ = {isa = PBXFileReference; fileEncoding = 4; lastKnownFileType = sourcecode.swift; path = "UTI+Defaults.swift"; sourceTree = "<group>"; };
		55FB06AE1FF9BC000001D42E /* FileHandle+Path.swift */ = {isa = PBXFileReference; fileEncoding = 4; lastKnownFileType = sourcecode.swift; path = "FileHandle+Path.swift"; sourceTree = "<group>"; };
		55FB06AF1FF9BC010001D42E /* AbsolutePath.swift */ = {isa = PBXFileReference; fileEncoding = 4; lastKnownFileType = sourcecode.swift; path = AbsolutePath.swift; sourceTree = "<group>"; };
		55FB06B01FF9BC010001D42E /* Diff.swift */ = {isa = PBXFileReference; fileEncoding = 4; lastKnownFileType = sourcecode.swift; path = Diff.swift; sourceTree = "<group>"; };
		55FB06B11FF9BC010001D42E /* Disposable.swift */ = {isa = PBXFileReference; fileEncoding = 4; lastKnownFileType = sourcecode.swift; path = Disposable.swift; sourceTree = "<group>"; };
		55FB06B21FF9BC010001D42E /* Bag.swift */ = {isa = PBXFileReference; fileEncoding = 4; lastKnownFileType = sourcecode.swift; path = Bag.swift; sourceTree = "<group>"; };
		55FB06B31FF9BC010001D42E /* JSON+Equatable.swift */ = {isa = PBXFileReference; fileEncoding = 4; lastKnownFileType = sourcecode.swift; path = "JSON+Equatable.swift"; sourceTree = "<group>"; };
		55FB06B41FF9BC020001D42E /* URLRouting.swift */ = {isa = PBXFileReference; fileEncoding = 4; lastKnownFileType = sourcecode.swift; path = URLRouting.swift; sourceTree = "<group>"; };
		55FB06B51FF9BC020001D42E /* WeakBox.swift */ = {isa = PBXFileReference; fileEncoding = 4; lastKnownFileType = sourcecode.swift; path = WeakBox.swift; sourceTree = "<group>"; };
		55FB06B61FF9BC020001D42E /* Bundle+Path.swift */ = {isa = PBXFileReference; fileEncoding = 4; lastKnownFileType = sourcecode.swift; path = "Bundle+Path.swift"; sourceTree = "<group>"; };
		55FB06B71FF9BC020001D42E /* JSON+Literals.swift */ = {isa = PBXFileReference; fileEncoding = 4; lastKnownFileType = sourcecode.swift; path = "JSON+Literals.swift"; sourceTree = "<group>"; };
		55FB06B81FF9BC020001D42E /* NSMetadataQuery.swift */ = {isa = PBXFileReference; fileEncoding = 4; lastKnownFileType = sourcecode.swift; path = NSMetadataQuery.swift; sourceTree = "<group>"; };
		55FB06B91FF9BC030001D42E /* JSON+JSONInitializable.swift */ = {isa = PBXFileReference; fileEncoding = 4; lastKnownFileType = sourcecode.swift; path = "JSON+JSONInitializable.swift"; sourceTree = "<group>"; };
		55FB06BA1FF9BC030001D42E /* Path.swift */ = {isa = PBXFileReference; fileEncoding = 4; lastKnownFileType = sourcecode.swift; path = Path.swift; sourceTree = "<group>"; };
		55FB06BB1FF9BC030001D42E /* Log.swift */ = {isa = PBXFileReference; fileEncoding = 4; lastKnownFileType = sourcecode.swift; path = Log.swift; sourceTree = "<group>"; };
		55FB06BC1FF9BC030001D42E /* RelativePath.swift */ = {isa = PBXFileReference; fileEncoding = 4; lastKnownFileType = sourcecode.swift; path = RelativePath.swift; sourceTree = "<group>"; };
		55FB06BD1FF9BC030001D42E /* Geometry.swift */ = {isa = PBXFileReference; fileEncoding = 4; lastKnownFileType = sourcecode.swift; path = Geometry.swift; sourceTree = "<group>"; };
		55FB06BE1FF9BC040001D42E /* Concatenation.swift */ = {isa = PBXFileReference; fileEncoding = 4; lastKnownFileType = sourcecode.swift; path = Concatenation.swift; sourceTree = "<group>"; };
		55FB06BF1FF9BC040001D42E /* Dictionary.swift */ = {isa = PBXFileReference; fileEncoding = 4; lastKnownFileType = sourcecode.swift; path = Dictionary.swift; sourceTree = "<group>"; };
		55FB06C01FF9BC040001D42E /* LaunchServices.swift */ = {isa = PBXFileReference; fileEncoding = 4; lastKnownFileType = sourcecode.swift; path = LaunchServices.swift; sourceTree = "<group>"; };
		55FB06C11FF9BC040001D42E /* AbsoluteDiff.swift */ = {isa = PBXFileReference; fileEncoding = 4; lastKnownFileType = sourcecode.swift; path = AbsoluteDiff.swift; sourceTree = "<group>"; };
		55FB06C21FF9BC040001D42E /* Markers.swift */ = {isa = PBXFileReference; fileEncoding = 4; lastKnownFileType = sourcecode.swift; path = Markers.swift; sourceTree = "<group>"; };
		55FB06C31FF9BC050001D42E /* Objective-C.m */ = {isa = PBXFileReference; fileEncoding = 4; lastKnownFileType = sourcecode.c.objc; path = "Objective-C.m"; sourceTree = "<group>"; };
		55FB06C41FF9BC050001D42E /* Plist+Subscript.swift */ = {isa = PBXFileReference; fileEncoding = 4; lastKnownFileType = sourcecode.swift; path = "Plist+Subscript.swift"; sourceTree = "<group>"; };
		55FB06C51FF9BC050001D42E /* Process.swift */ = {isa = PBXFileReference; fileEncoding = 4; lastKnownFileType = sourcecode.swift; path = Process.swift; sourceTree = "<group>"; };
		55FB06C61FF9BC050001D42E /* URL.swift */ = {isa = PBXFileReference; fileEncoding = 4; lastKnownFileType = sourcecode.swift; path = URL.swift; sourceTree = "<group>"; };
		55FB06C71FF9BC050001D42E /* Data+JSON.swift */ = {isa = PBXFileReference; fileEncoding = 4; lastKnownFileType = sourcecode.swift; path = "Data+JSON.swift"; sourceTree = "<group>"; };
		55FB06C81FF9BC060001D42E /* IndexPath.swift */ = {isa = PBXFileReference; fileEncoding = 4; lastKnownFileType = sourcecode.swift; path = IndexPath.swift; sourceTree = "<group>"; };
		55FB06C91FF9BC060001D42E /* Comparable.swift */ = {isa = PBXFileReference; fileEncoding = 4; lastKnownFileType = sourcecode.swift; path = Comparable.swift; sourceTree = "<group>"; };
		55FB06CA1FF9BC060001D42E /* JSON+Initializers.swift */ = {isa = PBXFileReference; fileEncoding = 4; lastKnownFileType = sourcecode.swift; path = "JSON+Initializers.swift"; sourceTree = "<group>"; };
		55FB06CB1FF9BC060001D42E /* Regex.swift */ = {isa = PBXFileReference; fileEncoding = 4; lastKnownFileType = sourcecode.swift; path = Regex.swift; sourceTree = "<group>"; };
		55FB06CC1FF9BC060001D42E /* UTI.swift */ = {isa = PBXFileReference; fileEncoding = 4; lastKnownFileType = sourcecode.swift; path = UTI.swift; sourceTree = "<group>"; };
		55FB06CD1FF9BC060001D42E /* FileMonitor.swift */ = {isa = PBXFileReference; fileEncoding = 4; lastKnownFileType = sourcecode.swift; path = FileMonitor.swift; sourceTree = "<group>"; };
		55FB06CE1FF9BC070001D42E /* Reachability.swift */ = {isa = PBXFileReference; fileEncoding = 4; lastKnownFileType = sourcecode.swift; path = Reachability.swift; sourceTree = "<group>"; };
		55FB06CF1FF9BC070001D42E /* Timer.swift */ = {isa = PBXFileReference; fileEncoding = 4; lastKnownFileType = sourcecode.swift; path = Timer.swift; sourceTree = "<group>"; };
		55FB06D01FF9BC070001D42E /* FileManager+Path.swift */ = {isa = PBXFileReference; fileEncoding = 4; lastKnownFileType = sourcecode.swift; path = "FileManager+Path.swift"; sourceTree = "<group>"; };
		55FB073E1FF9D0EE0001D42E /* Sandbox.swift */ = {isa = PBXFileReference; lastKnownFileType = sourcecode.swift; path = Sandbox.swift; sourceTree = "<group>"; };
		55FB07421FF9D2740001D42E /* Analytics.swift */ = {isa = PBXFileReference; lastKnownFileType = sourcecode.swift; path = Analytics.swift; sourceTree = "<group>"; };
		55FB07451FF9D2CF0001D42E /* BasicEvent.swift */ = {isa = PBXFileReference; lastKnownFileType = sourcecode.swift; path = BasicEvent.swift; sourceTree = "<group>"; };
		55FB07471FF9D2F10001D42E /* AnalyticEvent.swift */ = {isa = PBXFileReference; lastKnownFileType = sourcecode.swift; path = AnalyticEvent.swift; sourceTree = "<group>"; };
		55FB07491FF9D32A0001D42E /* AnalyticEngine.swift */ = {isa = PBXFileReference; lastKnownFileType = sourcecode.swift; path = AnalyticEngine.swift; sourceTree = "<group>"; };
		55FB075F1FFAC7690001D42E /* SyzygyCore.swift */ = {isa = PBXFileReference; lastKnownFileType = sourcecode.swift; path = SyzygyCore.swift; sourceTree = "<group>"; };
		55FB07611FFAC7D50001D42E /* SyzygyKit.swift */ = {isa = PBXFileReference; lastKnownFileType = sourcecode.swift; path = SyzygyKit.swift; sourceTree = "<group>"; };
/* End PBXFileReference section */

/* Begin PBXFrameworksBuildPhase section */
		55FB064A1FF9B5BB0001D42E /* Frameworks */ = {
			isa = PBXFrameworksBuildPhase;
			buildActionMask = 2147483647;
			files = (
			);
			runOnlyForDeploymentPostprocessing = 0;
		};
		55FB065A1FF9B5D30001D42E /* Frameworks */ = {
			isa = PBXFrameworksBuildPhase;
			buildActionMask = 2147483647;
			files = (
				55FB06671FF9B6100001D42E /* SyzygyCore.framework in Frameworks */,
			);
			runOnlyForDeploymentPostprocessing = 0;
		};
/* End PBXFrameworksBuildPhase section */

/* Begin PBXGroup section */
		55FB06441FF9B5BB0001D42E = {
			isa = PBXGroup;
			children = (
				55FB06681FF9B6E70001D42E /* Syzygy-Base.xcconfig */,
				55FB066A1FF9B84F0001D42E /* Syzygy-Debug.xcconfig */,
				55FB06691FF9B7C30001D42E /* Syzygy-Release.xcconfig */,
				55FB06501FF9B5BB0001D42E /* SyzygyCore */,
				55FB065F1FF9B5D30001D42E /* SyzygyKit */,
				55FB064F1FF9B5BB0001D42E /* Products */,
				55FB06661FF9B6100001D42E /* Frameworks */,
			);
			sourceTree = "<group>";
		};
		55FB064F1FF9B5BB0001D42E /* Products */ = {
			isa = PBXGroup;
			children = (
				55FB064E1FF9B5BB0001D42E /* SyzygyCore.framework */,
				55FB065E1FF9B5D30001D42E /* SyzygyKit.framework */,
			);
			name = Products;
			sourceTree = "<group>";
		};
		55FB06501FF9B5BB0001D42E /* SyzygyCore */ = {
			isa = PBXGroup;
			children = (
				55FB06511FF9B5BB0001D42E /* SyzygyCore.h */,
				55FB075F1FFAC7690001D42E /* SyzygyCore.swift */,
				55FB066F1FF9BBFB0001D42E /* Atomic.swift */,
				55FB06B21FF9BC010001D42E /* Bag.swift */,
				55FB067D1FF9BBFD0001D42E /* Bookmark.swift */,
				55FB06731FF9BBFB0001D42E /* BookmarkMetadata.swift */,
				55FB066C1FF9BBFA0001D42E /* Boolean.swift */,
				55FB06821FF9BBFD0001D42E /* Bundle.swift */,
				55FB067E1FF9BBFD0001D42E /* Collection.swift */,
				55FB06C91FF9BC060001D42E /* Comparable.swift */,
				55FB06BE1FF9BC040001D42E /* Concatenation.swift */,
				55FB06BF1FF9BC040001D42E /* Dictionary.swift */,
				55FB06701FF9BBFB0001D42E /* Dispatch.swift */,
				55FB06B11FF9BC010001D42E /* Disposable.swift */,
				55FB06AA1FF9BC000001D42E /* Either.swift */,
				55FB066E1FF9BBFA0001D42E /* Exceptions.swift */,
				55FB06CD1FF9BC060001D42E /* FileMonitor.swift */,
				55FB06BD1FF9BC030001D42E /* Geometry.swift */,
				55FB066D1FF9BBFA0001D42E /* Identifier.swift */,
				55FB06C81FF9BC060001D42E /* IndexPath.swift */,
				55FB06771FF9BBFC0001D42E /* LocalizedString.swift */,
				55FB06BB1FF9BC030001D42E /* Log.swift */,
				55FB06C21FF9BC040001D42E /* Markers.swift */,
				55FB06831FF9BBFE0001D42E /* Newtype.swift */,
				55FB06A91FF9BC000001D42E /* NSObject.swift */,
				55FB06811FF9BBFD0001D42E /* Optional.swift */,
				55FB06CE1FF9BC070001D42E /* Reachability.swift */,
				55FB06CB1FF9BC060001D42E /* Regex.swift */,
				55FB06AC1FF9BC000001D42E /* Result.swift */,
				55FB073E1FF9D0EE0001D42E /* Sandbox.swift */,
				55FB06A71FF9BBFF0001D42E /* SetAlgebra.swift */,
				55FB067F1FF9BBFD0001D42E /* String.swift */,
				55FB06CF1FF9BC070001D42E /* Timer.swift */,
				55FB06C61FF9BC050001D42E /* URL.swift */,
				55FB06B51FF9BC020001D42E /* WeakBox.swift */,
				55FB07441FF9D2770001D42E /* Analytics */,
				55FB07361FF9C8690001D42E /* Paths */,
				55FB07371FF9C88D0001D42E /* JSON */,
				55FB07381FF9C89B0001D42E /* Plist */,
				55FB07391FF9CB500001D42E /* Diffing */,
				55FB06881FF9BBFF0001D42E /* Properties */,
				55FB073A1FF9CB970001D42E /* Mac Only */,
				55FB073D1FF9D0940001D42E /* Objective-C */,
				55FB073C1FF9D04C0001D42E /* URL Routing */,
				55FB073B1FF9D0430001D42E /* UTI */,
				55FB06521FF9B5BB0001D42E /* Info.plist */,
			);
			path = SyzygyCore;
			sourceTree = "<group>";
		};
		55FB065F1FF9B5D30001D42E /* SyzygyKit */ = {
			isa = PBXGroup;
			children = (
				55FB06601FF9B5D30001D42E /* SyzygyKit.h */,
				55FB07611FFAC7D50001D42E /* SyzygyKit.swift */,
				55FB06611FF9B5D30001D42E /* Info.plist */,
			);
			path = SyzygyKit;
			sourceTree = "<group>";
		};
		55FB06661FF9B6100001D42E /* Frameworks */ = {
			isa = PBXGroup;
			children = (
			);
			name = Frameworks;
			sourceTree = "<group>";
		};
		55FB06881FF9BBFF0001D42E /* Properties */ = {
			isa = PBXGroup;
			children = (
				55FB068E1FF9BBFF0001D42E /* Property.swift */,
				55FB069D1FF9BBFF0001D42E /* MutableProperty.swift */,
				55FB06981FF9BBFF0001D42E /* MirroredProperty.swift */,
				55FB06891FF9BBFF0001D42E /* KVOProperty.swift */,
				55FB068A1FF9BBFF0001D42E /* Property+Optional.swift */,
				55FB068B1FF9BBFF0001D42E /* Property+Boolean.swift */,
				55FB068C1FF9BBFF0001D42E /* Property+Merge.swift */,
				55FB068D1FF9BBFF0001D42E /* Property+Skip.swift */,
				55FB068F1FF9BBFF0001D42E /* Property+Combine.swift */,
				55FB06901FF9BBFF0001D42E /* Property+Filter.swift */,
				55FB06911FF9BBFF0001D42E /* Property+UserDefaults.swift */,
				55FB06931FF9BBFF0001D42E /* Property+Queue.swift */,
				55FB06941FF9BBFF0001D42E /* Property+Tickle.swift */,
				55FB06951FF9BBFF0001D42E /* Property+Concatenation.swift */,
				55FB06961FF9BBFF0001D42E /* Property+Throttle.swift */,
				55FB06991FF9BBFF0001D42E /* Property+Result.swift */,
				55FB069A1FF9BBFF0001D42E /* Property+From.swift */,
				55FB069B1FF9BBFF0001D42E /* Property+Timer.swift */,
				55FB069F1FF9BBFF0001D42E /* Property+Map.swift */,
				55FB06A01FF9BBFF0001D42E /* Property+Zip.swift */,
				55FB06A11FF9BBFF0001D42E /* Property+Take.swift */,
				55FB06A21FF9BBFF0001D42E /* Property+BookmarkMetadata.swift */,
				55FB06A31FF9BBFF0001D42E /* Property+Collections.swift */,
				55FB06A41FF9BBFF0001D42E /* Property+Coalesce.swift */,
				55FB06921FF9BBFF0001D42E /* FileManager+Property.swift */,
				55FB06971FF9BBFF0001D42E /* NSMetadataQuery+Property.swift */,
				55FB069C1FF9BBFF0001D42E /* NSObject+Property.swift */,
				55FB069E1FF9BBFF0001D42E /* NotificationCenter+Property.swift */,
			);
			path = Properties;
			sourceTree = "<group>";
		};
		55FB07361FF9C8690001D42E /* Paths */ = {
			isa = PBXGroup;
			children = (
				55FB06BA1FF9BC030001D42E /* Path.swift */,
				55FB06AF1FF9BC010001D42E /* AbsolutePath.swift */,
				55FB06BC1FF9BC030001D42E /* RelativePath.swift */,
				55FB06A61FF9BBFF0001D42E /* TemporaryPath.swift */,
				55FB06B61FF9BC020001D42E /* Bundle+Path.swift */,
				55FB06AE1FF9BC000001D42E /* FileHandle+Path.swift */,
				55FB06D01FF9BC070001D42E /* FileManager+Path.swift */,
				55FB066B1FF9BBFA0001D42E /* URL+Path.swift */,
			);
			name = Paths;
			sourceTree = "<group>";
		};
		55FB07371FF9C88D0001D42E /* JSON */ = {
			isa = PBXGroup;
			children = (
				55FB06761FF9BBFC0001D42E /* JSON.swift */,
				55FB06751FF9BBFB0001D42E /* JSON+Convenience.swift */,
				55FB06B31FF9BC010001D42E /* JSON+Equatable.swift */,
				55FB06CA1FF9BC060001D42E /* JSON+Initializers.swift */,
				55FB06B91FF9BC030001D42E /* JSON+JSONInitializable.swift */,
				55FB06B71FF9BC020001D42E /* JSON+Literals.swift */,
				55FB06851FF9BBFE0001D42E /* JSON+Serialization.swift */,
				55FB06A81FF9BBFF0001D42E /* JSON+Subscript.swift */,
				55FB067C1FF9BBFC0001D42E /* JSONError.swift */,
				55FB06741FF9BBFB0001D42E /* JSONInitializable.swift */,
				55FB06C71FF9BC050001D42E /* Data+JSON.swift */,
			);
			name = JSON;
			sourceTree = "<group>";
		};
		55FB07381FF9C89B0001D42E /* Plist */ = {
			isa = PBXGroup;
			children = (
				55FB06781FF9BBFC0001D42E /* Plist.swift */,
				55FB06791FF9BBFC0001D42E /* Plist+Convenience.swift */,
				55FB067A1FF9BBFC0001D42E /* Plist+Equatable.swift */,
				55FB06711FF9BBFB0001D42E /* Plist+Initializers.swift */,
				55FB067B1FF9BBFC0001D42E /* Plist+Literals.swift */,
				55FB06861FF9BBFE0001D42E /* Plist+Serialization.swift */,
				55FB06C41FF9BC050001D42E /* Plist+Subscript.swift */,
			);
			name = Plist;
			sourceTree = "<group>";
		};
		55FB07391FF9CB500001D42E /* Diffing */ = {
			isa = PBXGroup;
			children = (
				55FB06B01FF9BC010001D42E /* Diff.swift */,
				55FB06C11FF9BC040001D42E /* AbsoluteDiff.swift */,
				55FB06871FF9BBFE0001D42E /* ProgressiveDiff.swift */,
			);
			name = Diffing;
			sourceTree = "<group>";
		};
		55FB073A1FF9CB970001D42E /* Mac Only */ = {
			isa = PBXGroup;
			children = (
				55FB06C01FF9BC040001D42E /* LaunchServices.swift */,
				55FB06B81FF9BC020001D42E /* NSMetadataQuery.swift */,
				55FB06C51FF9BC050001D42E /* Process.swift */,
				55FB06A51FF9BBFF0001D42E /* System.swift */,
			);
			name = "Mac Only";
			sourceTree = "<group>";
		};
		55FB073B1FF9D0430001D42E /* UTI */ = {
			isa = PBXGroup;
			children = (
				55FB06CC1FF9BC060001D42E /* UTI.swift */,
				55FB06AD1FF9BC000001D42E /* UTI+Defaults.swift */,
			);
			name = UTI;
			sourceTree = "<group>";
		};
		55FB073C1FF9D04C0001D42E /* URL Routing */ = {
			isa = PBXGroup;
			children = (
				55FB06AB1FF9BC000001D42E /* URLRouter.swift */,
				55FB06B41FF9BC020001D42E /* URLRouting.swift */,
			);
			name = "URL Routing";
			sourceTree = "<group>";
		};
		55FB073D1FF9D0940001D42E /* Objective-C */ = {
			isa = PBXGroup;
			children = (
				55FB06841FF9BBFE0001D42E /* Objective-C.h */,
				55FB06C31FF9BC050001D42E /* Objective-C.m */,
			);
			name = "Objective-C";
			sourceTree = "<group>";
		};
		55FB07441FF9D2770001D42E /* Analytics */ = {
			isa = PBXGroup;
			children = (
				55FB07421FF9D2740001D42E /* Analytics.swift */,
				55FB07491FF9D32A0001D42E /* AnalyticEngine.swift */,
				55FB07471FF9D2F10001D42E /* AnalyticEvent.swift */,
				55FB07451FF9D2CF0001D42E /* BasicEvent.swift */,
			);
			name = Analytics;
			sourceTree = "<group>";
		};
/* End PBXGroup section */

/* Begin PBXHeadersBuildPhase section */
		55FB064B1FF9B5BB0001D42E /* Headers */ = {
			isa = PBXHeadersBuildPhase;
			buildActionMask = 2147483647;
			files = (
				55FB06531FF9B5BB0001D42E /* SyzygyCore.h in Headers */,
				55FB06EA1FF9BC070001D42E /* Objective-C.h in Headers */,
			);
			runOnlyForDeploymentPostprocessing = 0;
		};
		55FB065B1FF9B5D30001D42E /* Headers */ = {
			isa = PBXHeadersBuildPhase;
			buildActionMask = 2147483647;
			files = (
				55FB06621FF9B5D30001D42E /* SyzygyKit.h in Headers */,
			);
			runOnlyForDeploymentPostprocessing = 0;
		};
/* End PBXHeadersBuildPhase section */

/* Begin PBXNativeTarget section */
		55FB064D1FF9B5BB0001D42E /* SyzygyCore */ = {
			isa = PBXNativeTarget;
			buildConfigurationList = 55FB06561FF9B5BB0001D42E /* Build configuration list for PBXNativeTarget "SyzygyCore" */;
			buildPhases = (
				55FB06491FF9B5BB0001D42E /* Sources */,
				55FB064A1FF9B5BB0001D42E /* Frameworks */,
				55FB064B1FF9B5BB0001D42E /* Headers */,
				55FB064C1FF9B5BB0001D42E /* Resources */,
			);
			buildRules = (
			);
			dependencies = (
			);
			name = SyzygyCore;
			productName = SyzygyCore;
			productReference = 55FB064E1FF9B5BB0001D42E /* SyzygyCore.framework */;
			productType = "com.apple.product-type.framework";
		};
		55FB065D1FF9B5D30001D42E /* SyzygyKit */ = {
			isa = PBXNativeTarget;
			buildConfigurationList = 55FB06631FF9B5D30001D42E /* Build configuration list for PBXNativeTarget "SyzygyKit" */;
			buildPhases = (
				55FB06591FF9B5D30001D42E /* Sources */,
				55FB065A1FF9B5D30001D42E /* Frameworks */,
				55FB065B1FF9B5D30001D42E /* Headers */,
				55FB065C1FF9B5D30001D42E /* Resources */,
			);
			buildRules = (
			);
			dependencies = (
			);
			name = SyzygyKit;
			productName = SyzygyKit;
			productReference = 55FB065E1FF9B5D30001D42E /* SyzygyKit.framework */;
			productType = "com.apple.product-type.framework";
		};
/* End PBXNativeTarget section */

/* Begin PBXProject section */
		55FB06451FF9B5BB0001D42E /* Project object */ = {
			isa = PBXProject;
			attributes = {
				LastUpgradeCheck = 0920;
				ORGANIZATIONNAME = Syzygy;
				TargetAttributes = {
					55FB064D1FF9B5BB0001D42E = {
						CreatedOnToolsVersion = 9.2;
						LastSwiftMigration = 0920;
						ProvisioningStyle = Automatic;
					};
					55FB065D1FF9B5D30001D42E = {
						CreatedOnToolsVersion = 9.2;
						LastSwiftMigration = 0920;
						ProvisioningStyle = Automatic;
					};
				};
			};
			buildConfigurationList = 55FB06481FF9B5BB0001D42E /* Build configuration list for PBXProject "Syzygy" */;
			compatibilityVersion = "Xcode 8.0";
			developmentRegion = en;
			hasScannedForEncodings = 0;
			knownRegions = (
				en,
			);
			mainGroup = 55FB06441FF9B5BB0001D42E;
			productRefGroup = 55FB064F1FF9B5BB0001D42E /* Products */;
			projectDirPath = "";
			projectRoot = "";
			targets = (
				55FB064D1FF9B5BB0001D42E /* SyzygyCore */,
				55FB065D1FF9B5D30001D42E /* SyzygyKit */,
			);
		};
/* End PBXProject section */

/* Begin PBXResourcesBuildPhase section */
		55FB064C1FF9B5BB0001D42E /* Resources */ = {
			isa = PBXResourcesBuildPhase;
			buildActionMask = 2147483647;
			files = (
			);
			runOnlyForDeploymentPostprocessing = 0;
		};
		55FB065C1FF9B5D30001D42E /* Resources */ = {
			isa = PBXResourcesBuildPhase;
			buildActionMask = 2147483647;
			files = (
			);
			runOnlyForDeploymentPostprocessing = 0;
		};
/* End PBXResourcesBuildPhase section */

/* Begin PBXSourcesBuildPhase section */
		55FB06491FF9B5BB0001D42E /* Sources */ = {
			isa = PBXSourcesBuildPhase;
			buildActionMask = 2147483647;
			files = (
				55FB06F91FF9BC070001D42E /* Property+Tickle.swift in Sources */,
				55FB06F61FF9BC070001D42E /* Property+UserDefaults.swift in Sources */,
				55FB07161FF9BC070001D42E /* Disposable.swift in Sources */,
				55FB06D91FF9BC070001D42E /* BookmarkMetadata.swift in Sources */,
				55FB06F11FF9BC070001D42E /* Property+Merge.swift in Sources */,
				55FB07261FF9BC070001D42E /* AbsoluteDiff.swift in Sources */,
				55FB070F1FF9BC070001D42E /* Either.swift in Sources */,
				55FB072C1FF9BC070001D42E /* Data+JSON.swift in Sources */,
				55FB07171FF9BC070001D42E /* Bag.swift in Sources */,
				55FB06EC1FF9BC070001D42E /* Plist+Serialization.swift in Sources */,
				55FB06DC1FF9BC070001D42E /* JSON.swift in Sources */,
				55FB07601FFAC7690001D42E /* SyzygyCore.swift in Sources */,
				55FB06E51FF9BC070001D42E /* String.swift in Sources */,
				55FB06DD1FF9BC070001D42E /* LocalizedString.swift in Sources */,
				55FB072D1FF9BC070001D42E /* IndexPath.swift in Sources */,
				55FB06D21FF9BC070001D42E /* Boolean.swift in Sources */,
				55FB06F71FF9BC070001D42E /* FileManager+Property.swift in Sources */,
				55FB070A1FF9BC070001D42E /* System.swift in Sources */,
				55FB071F1FF9BC070001D42E /* Path.swift in Sources */,
				55FB06E21FF9BC070001D42E /* JSONError.swift in Sources */,
				55FB07021FF9BC070001D42E /* MutableProperty.swift in Sources */,
				55FB07291FF9BC070001D42E /* Plist+Subscript.swift in Sources */,
				55FB06EB1FF9BC070001D42E /* JSON+Serialization.swift in Sources */,
				55FB074A1FF9D32A0001D42E /* AnalyticEngine.swift in Sources */,
				55FB070B1FF9BC070001D42E /* TemporaryPath.swift in Sources */,
				55FB07041FF9BC070001D42E /* Property+Map.swift in Sources */,
				55FB07011FF9BC070001D42E /* NSObject+Property.swift in Sources */,
				55FB06D41FF9BC070001D42E /* Exceptions.swift in Sources */,
				55FB07251FF9BC070001D42E /* LaunchServices.swift in Sources */,
				55FB07321FF9BC070001D42E /* FileMonitor.swift in Sources */,
				55FB06FA1FF9BC070001D42E /* Property+Concatenation.swift in Sources */,
				55FB070D1FF9BC070001D42E /* JSON+Subscript.swift in Sources */,
				55FB07071FF9BC070001D42E /* Property+BookmarkMetadata.swift in Sources */,
				55FB06DB1FF9BC070001D42E /* JSON+Convenience.swift in Sources */,
				55FB06F41FF9BC070001D42E /* Property+Combine.swift in Sources */,
				55FB071D1FF9BC070001D42E /* NSMetadataQuery.swift in Sources */,
				55FB06FB1FF9BC070001D42E /* Property+Throttle.swift in Sources */,
				55FB071E1FF9BC070001D42E /* JSON+JSONInitializable.swift in Sources */,
				55FB07091FF9BC070001D42E /* Property+Coalesce.swift in Sources */,
				55FB06E41FF9BC070001D42E /* Collection.swift in Sources */,
				55FB07431FF9D2740001D42E /* Analytics.swift in Sources */,
				55FB07241FF9BC070001D42E /* Dictionary.swift in Sources */,
				55FB06E11FF9BC070001D42E /* Plist+Literals.swift in Sources */,
				55FB06DF1FF9BC070001D42E /* Plist+Convenience.swift in Sources */,
				55FB071A1FF9BC070001D42E /* WeakBox.swift in Sources */,
				55FB06F31FF9BC070001D42E /* Property.swift in Sources */,
				55FB072F1FF9BC070001D42E /* JSON+Initializers.swift in Sources */,
				55FB07181FF9BC070001D42E /* JSON+Equatable.swift in Sources */,
				55FB06F01FF9BC070001D42E /* Property+Boolean.swift in Sources */,
				55FB07341FF9BC070001D42E /* Timer.swift in Sources */,
				55FB07271FF9BC070001D42E /* Markers.swift in Sources */,
				55FB07221FF9BC070001D42E /* Geometry.swift in Sources */,
				55FB07211FF9BC070001D42E /* RelativePath.swift in Sources */,
				55FB06F21FF9BC070001D42E /* Property+Skip.swift in Sources */,
				55FB06E01FF9BC070001D42E /* Plist+Equatable.swift in Sources */,
				55FB07351FF9BC070001D42E /* FileManager+Path.swift in Sources */,
				55FB07461FF9D2CF0001D42E /* BasicEvent.swift in Sources */,
				55FB072B1FF9BC070001D42E /* URL.swift in Sources */,
				55FB07121FF9BC070001D42E /* UTI+Defaults.swift in Sources */,
				55FB06D31FF9BC070001D42E /* Identifier.swift in Sources */,
				55FB06EE1FF9BC070001D42E /* KVOProperty.swift in Sources */,
				55FB07151FF9BC070001D42E /* Diff.swift in Sources */,
				55FB073F1FF9D0EE0001D42E /* Sandbox.swift in Sources */,
				55FB07191FF9BC070001D42E /* URLRouting.swift in Sources */,
				55FB07301FF9BC070001D42E /* Regex.swift in Sources */,
				55FB07031FF9BC070001D42E /* NotificationCenter+Property.swift in Sources */,
				55FB071C1FF9BC070001D42E /* JSON+Literals.swift in Sources */,
				55FB070C1FF9BC070001D42E /* SetAlgebra.swift in Sources */,
				55FB06D61FF9BC070001D42E /* Dispatch.swift in Sources */,
				55FB07331FF9BC070001D42E /* Reachability.swift in Sources */,
				55FB06E91FF9BC070001D42E /* Newtype.swift in Sources */,
				55FB07231FF9BC070001D42E /* Concatenation.swift in Sources */,
				55FB06D11FF9BC070001D42E /* URL+Path.swift in Sources */,
				55FB07141FF9BC070001D42E /* AbsolutePath.swift in Sources */,
				55FB06DA1FF9BC070001D42E /* JSONInitializable.swift in Sources */,
				55FB07311FF9BC070001D42E /* UTI.swift in Sources */,
				55FB06F81FF9BC070001D42E /* Property+Queue.swift in Sources */,
				55FB072E1FF9BC070001D42E /* Comparable.swift in Sources */,
				55FB06D51FF9BC070001D42E /* Atomic.swift in Sources */,
				55FB07001FF9BC070001D42E /* Property+Timer.swift in Sources */,
				55FB06FD1FF9BC070001D42E /* MirroredProperty.swift in Sources */,
				55FB07201FF9BC070001D42E /* Log.swift in Sources */,
				55FB06F51FF9BC070001D42E /* Property+Filter.swift in Sources */,
				55FB06ED1FF9BC070001D42E /* ProgressiveDiff.swift in Sources */,
				55FB07051FF9BC070001D42E /* Property+Zip.swift in Sources */,
				55FB070E1FF9BC070001D42E /* NSObject.swift in Sources */,
				55FB06E71FF9BC070001D42E /* Optional.swift in Sources */,
				55FB06DE1FF9BC070001D42E /* Plist.swift in Sources */,
				55FB07131FF9BC070001D42E /* FileHandle+Path.swift in Sources */,
				55FB06FC1FF9BC070001D42E /* NSMetadataQuery+Property.swift in Sources */,
				55FB072A1FF9BC070001D42E /* Process.swift in Sources */,
				55FB06EF1FF9BC070001D42E /* Property+Optional.swift in Sources */,
				55FB071B1FF9BC070001D42E /* Bundle+Path.swift in Sources */,
				55FB07281FF9BC070001D42E /* Objective-C.m in Sources */,
				55FB06FE1FF9BC070001D42E /* Property+Result.swift in Sources */,
				55FB07111FF9BC070001D42E /* Result.swift in Sources */,
				55FB06E81FF9BC070001D42E /* Bundle.swift in Sources */,
				55FB07101FF9BC070001D42E /* URLRouter.swift in Sources */,
				55FB06D71FF9BC070001D42E /* Plist+Initializers.swift in Sources */,
				55FB07481FF9D2F10001D42E /* AnalyticEvent.swift in Sources */,
				55FB07061FF9BC070001D42E /* Property+Take.swift in Sources */,
				55FB06FF1FF9BC070001D42E /* Property+From.swift in Sources */,
				55FB07081FF9BC070001D42E /* Property+Collections.swift in Sources */,
				55FB06E31FF9BC070001D42E /* Bookmark.swift in Sources */,
			);
			runOnlyForDeploymentPostprocessing = 0;
		};
		55FB06591FF9B5D30001D42E /* Sources */ = {
			isa = PBXSourcesBuildPhase;
			buildActionMask = 2147483647;
			files = (
				55FB07621FFAC7D50001D42E /* SyzygyKit.swift in Sources */,
			);
			runOnlyForDeploymentPostprocessing = 0;
		};
/* End PBXSourcesBuildPhase section */

/* Begin XCBuildConfiguration section */
		55FB06541FF9B5BB0001D42E /* Debug */ = {
			isa = XCBuildConfiguration;
			baseConfigurationReference = 55FB066A1FF9B84F0001D42E /* Syzygy-Debug.xcconfig */;
			buildSettings = {
			};
			name = Debug;
		};
		55FB06551FF9B5BB0001D42E /* Release */ = {
			isa = XCBuildConfiguration;
			baseConfigurationReference = 55FB06691FF9B7C30001D42E /* Syzygy-Release.xcconfig */;
			buildSettings = {
			};
			name = Release;
		};
		55FB06571FF9B5BB0001D42E /* Debug */ = {
			isa = XCBuildConfiguration;
			buildSettings = {
				CLANG_ENABLE_MODULES = YES;
				CODE_SIGN_IDENTITY = "";
				CODE_SIGN_STYLE = Automatic;
				DEFINES_MODULE = YES;
				INFOPLIST_FILE = SyzygyCore/Info.plist;
				LD_RUNPATH_SEARCH_PATHS = "$(inherited) @executable_path/Frameworks @loader_path/Frameworks";
				PRODUCT_BUNDLE_IDENTIFIER = com.syzygydev.SyzygyCore;
				PRODUCT_NAME = "$(TARGET_NAME:c99extidentifier)";
				SWIFT_OPTIMIZATION_LEVEL = "-Onone";
				SWIFT_VERSION = 3.0;
			};
			name = Debug;
		};
		55FB06581FF9B5BB0001D42E /* Release */ = {
			isa = XCBuildConfiguration;
			buildSettings = {
				CLANG_ENABLE_MODULES = YES;
				CODE_SIGN_IDENTITY = "";
				CODE_SIGN_STYLE = Automatic;
				DEFINES_MODULE = YES;
				INFOPLIST_FILE = SyzygyCore/Info.plist;
				LD_RUNPATH_SEARCH_PATHS = "$(inherited) @executable_path/Frameworks @loader_path/Frameworks";
				PRODUCT_BUNDLE_IDENTIFIER = com.syzygydev.SyzygyCore;
				PRODUCT_NAME = "$(TARGET_NAME:c99extidentifier)";
				SWIFT_VERSION = 3.0;
			};
			name = Release;
		};
		55FB06641FF9B5D30001D42E /* Debug */ = {
			isa = XCBuildConfiguration;
			buildSettings = {
				CLANG_ENABLE_MODULES = YES;
				CODE_SIGN_IDENTITY = "";
				CODE_SIGN_STYLE = Automatic;
				DEFINES_MODULE = YES;
				INFOPLIST_FILE = SyzygyKit/Info.plist;
				LD_RUNPATH_SEARCH_PATHS = "$(inherited) @executable_path/Frameworks @loader_path/Frameworks";
				PRODUCT_BUNDLE_IDENTIFIER = com.syzygydev.SyzygyKit;
				PRODUCT_NAME = "$(TARGET_NAME:c99extidentifier)";
				SWIFT_OPTIMIZATION_LEVEL = "-Onone";
				SWIFT_VERSION = 3.0;
			};
			name = Debug;
		};
		55FB06651FF9B5D30001D42E /* Release */ = {
			isa = XCBuildConfiguration;
			buildSettings = {
				CLANG_ENABLE_MODULES = YES;
				CODE_SIGN_IDENTITY = "";
				CODE_SIGN_STYLE = Automatic;
				DEFINES_MODULE = YES;
				INFOPLIST_FILE = SyzygyKit/Info.plist;
				LD_RUNPATH_SEARCH_PATHS = "$(inherited) @executable_path/Frameworks @loader_path/Frameworks";
				PRODUCT_BUNDLE_IDENTIFIER = com.syzygydev.SyzygyKit;
				PRODUCT_NAME = "$(TARGET_NAME:c99extidentifier)";
				SWIFT_VERSION = 3.0;
			};
			name = Release;
		};
/* End XCBuildConfiguration section */

/* Begin XCConfigurationList section */
		55FB06481FF9B5BB0001D42E /* Build configuration list for PBXProject "Syzygy" */ = {
			isa = XCConfigurationList;
			buildConfigurations = (
				55FB06541FF9B5BB0001D42E /* Debug */,
				55FB06551FF9B5BB0001D42E /* Release */,
			);
			defaultConfigurationIsVisible = 0;
			defaultConfigurationName = Release;
		};
		55FB06561FF9B5BB0001D42E /* Build configuration list for PBXNativeTarget "SyzygyCore" */ = {
			isa = XCConfigurationList;
			buildConfigurations = (
				55FB06571FF9B5BB0001D42E /* Debug */,
				55FB06581FF9B5BB0001D42E /* Release */,
			);
			defaultConfigurationIsVisible = 0;
			defaultConfigurationName = Release;
		};
		55FB06631FF9B5D30001D42E /* Build configuration list for PBXNativeTarget "SyzygyKit" */ = {
			isa = XCConfigurationList;
			buildConfigurations = (
				55FB06641FF9B5D30001D42E /* Debug */,
				55FB06651FF9B5D30001D42E /* Release */,
			);
			defaultConfigurationIsVisible = 0;
			defaultConfigurationName = Release;
		};
/* End XCConfigurationList section */
	};
	rootObject = 55FB06451FF9B5BB0001D42E /* Project object */;
}
